// !$*UTF8*$!
{
	archiveVersion = 1;
	classes = {
	};
	objectVersion = 50;
	objects = {

/* Begin PBXBuildFile section */
		2DC3AACF26E7A0DC00A1976B /* AppDelegate.swift in Sources */ = {isa = PBXBuildFile; fileRef = 2DC3AACE26E7A0DC00A1976B /* AppDelegate.swift */; };
		2DC3AAD126E7A0DC00A1976B /* SceneDelegate.swift in Sources */ = {isa = PBXBuildFile; fileRef = 2DC3AAD026E7A0DC00A1976B /* SceneDelegate.swift */; };
		2DC3AAD326E7A0DC00A1976B /* ViewController.swift in Sources */ = {isa = PBXBuildFile; fileRef = 2DC3AAD226E7A0DC00A1976B /* ViewController.swift */; };
		2DC3AAD626E7A0DC00A1976B /* Main.storyboard in Resources */ = {isa = PBXBuildFile; fileRef = 2DC3AAD426E7A0DC00A1976B /* Main.storyboard */; };
		2DC3AAD826E7A0DD00A1976B /* Assets.xcassets in Resources */ = {isa = PBXBuildFile; fileRef = 2DC3AAD726E7A0DD00A1976B /* Assets.xcassets */; };
		2DC3AADB26E7A0DD00A1976B /* LaunchScreen.storyboard in Resources */ = {isa = PBXBuildFile; fileRef = 2DC3AAD926E7A0DD00A1976B /* LaunchScreen.storyboard */; };
		2DC3AAE626E7A19E00A1976B /* ConfigView.swift in Sources */ = {isa = PBXBuildFile; fileRef = 2DC3AAE526E7A19E00A1976B /* ConfigView.swift */; };
		2DC3AAE826E7A34500A1976B /* Background.swift in Sources */ = {isa = PBXBuildFile; fileRef = 2DC3AAE726E7A34500A1976B /* Background.swift */; };
		2DC3AAEA26E7CE6D00A1976B /* WeatherManager.swift in Sources */ = {isa = PBXBuildFile; fileRef = 2DC3AAE926E7CE6D00A1976B /* WeatherManager.swift */; };
		2DC3AAED26E90CB400A1976B /* constants.swift in Sources */ = {isa = PBXBuildFile; fileRef = 2DC3AAEC26E90CB400A1976B /* constants.swift */; };
		2DC3AAEF26EA5B3500A1976B /* WeatherData.swift in Sources */ = {isa = PBXBuildFile; fileRef = 2DC3AAEE26EA5B3500A1976B /* WeatherData.swift */; };
		2DC3AAF126EA678400A1976B /* CurrentWeatherData.swift in Sources */ = {isa = PBXBuildFile; fileRef = 2DC3AAF026EA678400A1976B /* CurrentWeatherData.swift */; };
/* End PBXBuildFile section */

/* Begin PBXFileReference section */
		2DC3AACB26E7A0DC00A1976B /* weatherApp2.0.app */ = {isa = PBXFileReference; explicitFileType = wrapper.application; includeInIndex = 0; path = weatherApp2.0.app; sourceTree = BUILT_PRODUCTS_DIR; };
		2DC3AACE26E7A0DC00A1976B /* AppDelegate.swift */ = {isa = PBXFileReference; lastKnownFileType = sourcecode.swift; path = AppDelegate.swift; sourceTree = "<group>"; };
		2DC3AAD026E7A0DC00A1976B /* SceneDelegate.swift */ = {isa = PBXFileReference; lastKnownFileType = sourcecode.swift; path = SceneDelegate.swift; sourceTree = "<group>"; };
		2DC3AAD226E7A0DC00A1976B /* ViewController.swift */ = {isa = PBXFileReference; lastKnownFileType = sourcecode.swift; path = ViewController.swift; sourceTree = "<group>"; };
		2DC3AAD526E7A0DC00A1976B /* Base */ = {isa = PBXFileReference; lastKnownFileType = file.storyboard; name = Base; path = Base.lproj/Main.storyboard; sourceTree = "<group>"; };
		2DC3AAD726E7A0DD00A1976B /* Assets.xcassets */ = {isa = PBXFileReference; lastKnownFileType = folder.assetcatalog; path = Assets.xcassets; sourceTree = "<group>"; };
		2DC3AADA26E7A0DD00A1976B /* Base */ = {isa = PBXFileReference; lastKnownFileType = file.storyboard; name = Base; path = Base.lproj/LaunchScreen.storyboard; sourceTree = "<group>"; };
		2DC3AADC26E7A0DD00A1976B /* Info.plist */ = {isa = PBXFileReference; lastKnownFileType = text.plist.xml; path = Info.plist; sourceTree = "<group>"; };
		2DC3AAE526E7A19E00A1976B /* ConfigView.swift */ = {isa = PBXFileReference; lastKnownFileType = sourcecode.swift; path = ConfigView.swift; sourceTree = "<group>"; };
		2DC3AAE726E7A34500A1976B /* Background.swift */ = {isa = PBXFileReference; lastKnownFileType = sourcecode.swift; path = Background.swift; sourceTree = "<group>"; };
		2DC3AAE926E7CE6D00A1976B /* WeatherManager.swift */ = {isa = PBXFileReference; lastKnownFileType = sourcecode.swift; path = WeatherManager.swift; sourceTree = "<group>"; };
		2DC3AAEC26E90CB400A1976B /* constants.swift */ = {isa = PBXFileReference; lastKnownFileType = sourcecode.swift; path = constants.swift; sourceTree = "<group>"; };
		2DC3AAEE26EA5B3500A1976B /* WeatherData.swift */ = {isa = PBXFileReference; lastKnownFileType = sourcecode.swift; path = WeatherData.swift; sourceTree = "<group>"; };
		2DC3AAF026EA678400A1976B /* CurrentWeatherData.swift */ = {isa = PBXFileReference; lastKnownFileType = sourcecode.swift; path = CurrentWeatherData.swift; sourceTree = "<group>"; };
/* End PBXFileReference section */

/* Begin PBXFrameworksBuildPhase section */
		2DC3AAC826E7A0DC00A1976B /* Frameworks */ = {
			isa = PBXFrameworksBuildPhase;
			buildActionMask = 2147483647;
			files = (
			);
			runOnlyForDeploymentPostprocessing = 0;
		};
/* End PBXFrameworksBuildPhase section */

/* Begin PBXGroup section */
		2DC3AAC226E7A0DC00A1976B = {
			isa = PBXGroup;
			children = (
				2DC3AACD26E7A0DC00A1976B /* weatherApp2.0 */,
				2DC3AACC26E7A0DC00A1976B /* Products */,
			);
			sourceTree = "<group>";
		};
		2DC3AACC26E7A0DC00A1976B /* Products */ = {
			isa = PBXGroup;
			children = (
				2DC3AACB26E7A0DC00A1976B /* weatherApp2.0.app */,
			);
			name = Products;
			sourceTree = "<group>";
		};
		2DC3AACD26E7A0DC00A1976B /* weatherApp2.0 */ = {
			isa = PBXGroup;
			children = (
				2DC3AACE26E7A0DC00A1976B /* AppDelegate.swift */,
				2DC3AAD026E7A0DC00A1976B /* SceneDelegate.swift */,
				2DC3AAE426E7A17D00A1976B /* Model */,
				2DC3AAE326E7A17100A1976B /* View */,
				2DC3AAE226E7A16300A1976B /* Controller */,
				2DC3AAEB26E90C9B00A1976B /* supportingFiles */,
				2DC3AAD926E7A0DD00A1976B /* LaunchScreen.storyboard */,
				2DC3AADC26E7A0DD00A1976B /* Info.plist */,
			);
			path = weatherApp2.0;
			sourceTree = "<group>";
		};
		2DC3AAE226E7A16300A1976B /* Controller */ = {
			isa = PBXGroup;
			children = (
				2DC3AAD226E7A0DC00A1976B /* ViewController.swift */,
			);
			path = Controller;
			sourceTree = "<group>";
		};
		2DC3AAE326E7A17100A1976B /* View */ = {
			isa = PBXGroup;
			children = (
				2DC3AAD426E7A0DC00A1976B /* Main.storyboard */,
				2DC3AAE526E7A19E00A1976B /* ConfigView.swift */,
			);
			path = View;
			sourceTree = "<group>";
		};
		2DC3AAE426E7A17D00A1976B /* Model */ = {
			isa = PBXGroup;
			children = (
				2DC3AAE726E7A34500A1976B /* Background.swift */,
				2DC3AAE926E7CE6D00A1976B /* WeatherManager.swift */,
				2DC3AAEE26EA5B3500A1976B /* WeatherData.swift */,
				2DC3AAF026EA678400A1976B /* CurrentWeatherData.swift */,
			);
			path = Model;
			sourceTree = "<group>";
		};
		2DC3AAEB26E90C9B00A1976B /* supportingFiles */ = {
			isa = PBXGroup;
			children = (
				2DC3AAD726E7A0DD00A1976B /* Assets.xcassets */,
				2DC3AAEC26E90CB400A1976B /* constants.swift */,
			);
			path = supportingFiles;
			sourceTree = "<group>";
		};
/* End PBXGroup section */

/* Begin PBXNativeTarget section */
		2DC3AACA26E7A0DC00A1976B /* weatherApp2.0 */ = {
			isa = PBXNativeTarget;
			buildConfigurationList = 2DC3AADF26E7A0DD00A1976B /* Build configuration list for PBXNativeTarget "weatherApp2.0" */;
			buildPhases = (
				2DC3AAC726E7A0DC00A1976B /* Sources */,
				2DC3AAC826E7A0DC00A1976B /* Frameworks */,
				2DC3AAC926E7A0DC00A1976B /* Resources */,
			);
			buildRules = (
			);
			dependencies = (
			);
			name = weatherApp2.0;
			productName = weatherApp2.0;
			productReference = 2DC3AACB26E7A0DC00A1976B /* weatherApp2.0.app */;
			productType = "com.apple.product-type.application";
		};
/* End PBXNativeTarget section */

/* Begin PBXProject section */
		2DC3AAC326E7A0DC00A1976B /* Project object */ = {
			isa = PBXProject;
			attributes = {
				LastSwiftUpdateCheck = 1250;
				LastUpgradeCheck = 1250;
				TargetAttributes = {
					2DC3AACA26E7A0DC00A1976B = {
						CreatedOnToolsVersion = 12.5;
					};
				};
			};
			buildConfigurationList = 2DC3AAC626E7A0DC00A1976B /* Build configuration list for PBXProject "weatherApp2.0" */;
			compatibilityVersion = "Xcode 9.3";
			developmentRegion = en;
			hasScannedForEncodings = 0;
			knownRegions = (
				en,
				Base,
			);
			mainGroup = 2DC3AAC226E7A0DC00A1976B;
			productRefGroup = 2DC3AACC26E7A0DC00A1976B /* Products */;
			projectDirPath = "";
			projectRoot = "";
			targets = (
				2DC3AACA26E7A0DC00A1976B /* weatherApp2.0 */,
			);
		};
/* End PBXProject section */

/* Begin PBXResourcesBuildPhase section */
		2DC3AAC926E7A0DC00A1976B /* Resources */ = {
			isa = PBXResourcesBuildPhase;
			buildActionMask = 2147483647;
			files = (
				2DC3AADB26E7A0DD00A1976B /* LaunchScreen.storyboard in Resources */,
				2DC3AAD826E7A0DD00A1976B /* Assets.xcassets in Resources */,
				2DC3AAD626E7A0DC00A1976B /* Main.storyboard in Resources */,
			);
			runOnlyForDeploymentPostprocessing = 0;
		};
/* End PBXResourcesBuildPhase section */

/* Begin PBXSourcesBuildPhase section */
		2DC3AAC726E7A0DC00A1976B /* Sources */ = {
			isa = PBXSourcesBuildPhase;
			buildActionMask = 2147483647;
			files = (
				2DC3AAEA26E7CE6D00A1976B /* WeatherManager.swift in Sources */,
				2DC3AAE626E7A19E00A1976B /* ConfigView.swift in Sources */,
				2DC3AAD326E7A0DC00A1976B /* ViewController.swift in Sources */,
				2DC3AAED26E90CB400A1976B /* constants.swift in Sources */,
				2DC3AACF26E7A0DC00A1976B /* AppDelegate.swift in Sources */,
				2DC3AAF126EA678400A1976B /* CurrentWeatherData.swift in Sources */,
				2DC3AAD126E7A0DC00A1976B /* SceneDelegate.swift in Sources */,
				2DC3AAEF26EA5B3500A1976B /* WeatherData.swift in Sources */,
				2DC3AAE826E7A34500A1976B /* Background.swift in Sources */,
			);
			runOnlyForDeploymentPostprocessing = 0;
		};
/* End PBXSourcesBuildPhase section */

/* Begin PBXVariantGroup section */
		2DC3AAD426E7A0DC00A1976B /* Main.storyboard */ = {
			isa = PBXVariantGroup;
			children = (
				2DC3AAD526E7A0DC00A1976B /* Base */,
			);
			name = Main.storyboard;
			sourceTree = "<group>";
		};
		2DC3AAD926E7A0DD00A1976B /* LaunchScreen.storyboard */ = {
			isa = PBXVariantGroup;
			children = (
				2DC3AADA26E7A0DD00A1976B /* Base */,
			);
			name = LaunchScreen.storyboard;
			sourceTree = "<group>";
		};
/* End PBXVariantGroup section */

/* Begin XCBuildConfiguration section */
		2DC3AADD26E7A0DD00A1976B /* Debug */ = {
			isa = XCBuildConfiguration;
			buildSettings = {
				ALWAYS_SEARCH_USER_PATHS = NO;
				CLANG_ANALYZER_NONNULL = YES;
				CLANG_ANALYZER_NUMBER_OBJECT_CONVERSION = YES_AGGRESSIVE;
				CLANG_CXX_LANGUAGE_STANDARD = "gnu++14";
				CLANG_CXX_LIBRARY = "libc++";
				CLANG_ENABLE_MODULES = YES;
				CLANG_ENABLE_OBJC_ARC = YES;
				CLANG_ENABLE_OBJC_WEAK = YES;
				CLANG_WARN_BLOCK_CAPTURE_AUTORELEASING = YES;
				CLANG_WARN_BOOL_CONVERSION = YES;
				CLANG_WARN_COMMA = YES;
				CLANG_WARN_CONSTANT_CONVERSION = YES;
				CLANG_WARN_DEPRECATED_OBJC_IMPLEMENTATIONS = YES;
				CLANG_WARN_DIRECT_OBJC_ISA_USAGE = YES_ERROR;
				CLANG_WARN_DOCUMENTATION_COMMENTS = YES;
				CLANG_WARN_EMPTY_BODY = YES;
				CLANG_WARN_ENUM_CONVERSION = YES;
				CLANG_WARN_INFINITE_RECURSION = YES;
				CLANG_WARN_INT_CONVERSION = YES;
				CLANG_WARN_NON_LITERAL_NULL_CONVERSION = YES;
				CLANG_WARN_OBJC_IMPLICIT_RETAIN_SELF = YES;
				CLANG_WARN_OBJC_LITERAL_CONVERSION = YES;
				CLANG_WARN_OBJC_ROOT_CLASS = YES_ERROR;
				CLANG_WARN_QUOTED_INCLUDE_IN_FRAMEWORK_HEADER = YES;
				CLANG_WARN_RANGE_LOOP_ANALYSIS = YES;
				CLANG_WARN_STRICT_PROTOTYPES = YES;
				CLANG_WARN_SUSPICIOUS_MOVE = YES;
				CLANG_WARN_UNGUARDED_AVAILABILITY = YES_AGGRESSIVE;
				CLANG_WARN_UNREACHABLE_CODE = YES;
				CLANG_WARN__DUPLICATE_METHOD_MATCH = YES;
				COPY_PHASE_STRIP = NO;
				DEBUG_INFORMATION_FORMAT = dwarf;
				ENABLE_STRICT_OBJC_MSGSEND = YES;
				ENABLE_TESTABILITY = YES;
				GCC_C_LANGUAGE_STANDARD = gnu11;
				GCC_DYNAMIC_NO_PIC = NO;
				GCC_NO_COMMON_BLOCKS = YES;
				GCC_OPTIMIZATION_LEVEL = 0;
				GCC_PREPROCESSOR_DEFINITIONS = (
					"DEBUG=1",
					"$(inherited)",
				);
				GCC_WARN_64_TO_32_BIT_CONVERSION = YES;
				GCC_WARN_ABOUT_RETURN_TYPE = YES_ERROR;
				GCC_WARN_UNDECLARED_SELECTOR = YES;
				GCC_WARN_UNINITIALIZED_AUTOS = YES_AGGRESSIVE;
				GCC_WARN_UNUSED_FUNCTION = YES;
				GCC_WARN_UNUSED_VARIABLE = YES;
				IPHONEOS_DEPLOYMENT_TARGET = 14.5;
				MTL_ENABLE_DEBUG_INFO = INCLUDE_SOURCE;
				MTL_FAST_MATH = YES;
				ONLY_ACTIVE_ARCH = YES;
				SDKROOT = iphoneos;
				SWIFT_ACTIVE_COMPILATION_CONDITIONS = DEBUG;
				SWIFT_OPTIMIZATION_LEVEL = "-Onone";
			};
			name = Debug;
		};
		2DC3AADE26E7A0DD00A1976B /* Release */ = {
			isa = XCBuildConfiguration;
			buildSettings = {
				ALWAYS_SEARCH_USER_PATHS = NO;
				CLANG_ANALYZER_NONNULL = YES;
				CLANG_ANALYZER_NUMBER_OBJECT_CONVERSION = YES_AGGRESSIVE;
				CLANG_CXX_LANGUAGE_STANDARD = "gnu++14";
				CLANG_CXX_LIBRARY = "libc++";
				CLANG_ENABLE_MODULES = YES;
				CLANG_ENABLE_OBJC_ARC = YES;
				CLANG_ENABLE_OBJC_WEAK = YES;
				CLANG_WARN_BLOCK_CAPTURE_AUTORELEASING = YES;
				CLANG_WARN_BOOL_CONVERSION = YES;
				CLANG_WARN_COMMA = YES;
				CLANG_WARN_CONSTANT_CONVERSION = YES;
				CLANG_WARN_DEPRECATED_OBJC_IMPLEMENTATIONS = YES;
				CLANG_WARN_DIRECT_OBJC_ISA_USAGE = YES_ERROR;
				CLANG_WARN_DOCUMENTATION_COMMENTS = YES;
				CLANG_WARN_EMPTY_BODY = YES;
				CLANG_WARN_ENUM_CONVERSION = YES;
				CLANG_WARN_INFINITE_RECURSION = YES;
				CLANG_WARN_INT_CONVERSION = YES;
				CLANG_WARN_NON_LITERAL_NULL_CONVERSION = YES;
				CLANG_WARN_OBJC_IMPLICIT_RETAIN_SELF = YES;
				CLANG_WARN_OBJC_LITERAL_CONVERSION = YES;
				CLANG_WARN_OBJC_ROOT_CLASS = YES_ERROR;
				CLANG_WARN_QUOTED_INCLUDE_IN_FRAMEWORK_HEADER = YES;
				CLANG_WARN_RANGE_LOOP_ANALYSIS = YES;
				CLANG_WARN_STRICT_PROTOTYPES = YES;
				CLANG_WARN_SUSPICIOUS_MOVE = YES;
				CLANG_WARN_UNGUARDED_AVAILABILITY = YES_AGGRESSIVE;
				CLANG_WARN_UNREACHABLE_CODE = YES;
				CLANG_WARN__DUPLICATE_METHOD_MATCH = YES;
				COPY_PHASE_STRIP = NO;
				DEBUG_INFORMATION_FORMAT = "dwarf-with-dsym";
				ENABLE_NS_ASSERTIONS = NO;
				ENABLE_STRICT_OBJC_MSGSEND = YES;
				GCC_C_LANGUAGE_STANDARD = gnu11;
				GCC_NO_COMMON_BLOCKS = YES;
				GCC_WARN_64_TO_32_BIT_CONVERSION = YES;
				GCC_WARN_ABOUT_RETURN_TYPE = YES_ERROR;
				GCC_WARN_UNDECLARED_SELECTOR = YES;
				GCC_WARN_UNINITIALIZED_AUTOS = YES_AGGRESSIVE;
				GCC_WARN_UNUSED_FUNCTION = YES;
				GCC_WARN_UNUSED_VARIABLE = YES;
				IPHONEOS_DEPLOYMENT_TARGET = 14.5;
				MTL_ENABLE_DEBUG_INFO = NO;
				MTL_FAST_MATH = YES;
				SDKROOT = iphoneos;
				SWIFT_COMPILATION_MODE = wholemodule;
				SWIFT_OPTIMIZATION_LEVEL = "-O";
				VALIDATE_PRODUCT = YES;
			};
			name = Release;
		};
		2DC3AAE026E7A0DD00A1976B /* Debug */ = {
			isa = XCBuildConfiguration;
			buildSettings = {
				ASSETCATALOG_COMPILER_APPICON_NAME = AppIcon;
				ASSETCATALOG_COMPILER_GLOBAL_ACCENT_COLOR_NAME = AccentColor;
				CODE_SIGN_STYLE = Automatic;
				DEVELOPMENT_TEAM = GKZ7DJWHAN;
				INFOPLIST_FILE = weatherApp2.0/Info.plist;
				LD_RUNPATH_SEARCH_PATHS = (
					"$(inherited)",
					"@executable_path/Frameworks",
				);
				PRODUCT_BUNDLE_IDENTIFIER = "Dima.weatherApp2-0";
				PRODUCT_NAME = "$(TARGET_NAME)";
				SWIFT_VERSION = 5.0;
				TARGETED_DEVICE_FAMILY = "1,2";
			};
			name = Debug;
		};
		2DC3AAE126E7A0DD00A1976B /* Release */ = {
			isa = XCBuildConfiguration;
			buildSettings = {
				ASSETCATALOG_COMPILER_APPICON_NAME = AppIcon;
				ASSETCATALOG_COMPILER_GLOBAL_ACCENT_COLOR_NAME = AccentColor;
				CODE_SIGN_STYLE = Automatic;
				DEVELOPMENT_TEAM = GKZ7DJWHAN;
				INFOPLIST_FILE = weatherApp2.0/Info.plist;
				LD_RUNPATH_SEARCH_PATHS = (
					"$(inherited)",
					"@executable_path/Frameworks",
				);
				PRODUCT_BUNDLE_IDENTIFIER = "Dima.weatherApp2-0";
				PRODUCT_NAME = "$(TARGET_NAME)";
				SWIFT_VERSION = 5.0;
				TARGETED_DEVICE_FAMILY = "1,2";
			};
			name = Release;
		};
/* End XCBuildConfiguration section */

/* Begin XCConfigurationList section */
		2DC3AAC626E7A0DC00A1976B /* Build configuration list for PBXProject "weatherApp2.0" */ = {
			isa = XCConfigurationList;
			buildConfigurations = (
				2DC3AADD26E7A0DD00A1976B /* Debug */,
				2DC3AADE26E7A0DD00A1976B /* Release */,
			);
			defaultConfigurationIsVisible = 0;
			defaultConfigurationName = Release;
		};
		2DC3AADF26E7A0DD00A1976B /* Build configuration list for PBXNativeTarget "weatherApp2.0" */ = {
			isa = XCConfigurationList;
			buildConfigurations = (
				2DC3AAE026E7A0DD00A1976B /* Debug */,
				2DC3AAE126E7A0DD00A1976B /* Release */,
			);
			defaultConfigurationIsVisible = 0;
			defaultConfigurationName = Release;
		};
/* End XCConfigurationList section */
	};
	rootObject = 2DC3AAC326E7A0DC00A1976B /* Project object */;
}
